
Microsoft Visual Studio Solution File, Format Version 12.00
# Visual Studio 15
VisualStudioVersion = 15.0.28307.705
MinimumVisualStudioVersion = 10.0.40219.1
Project("{9A19103F-16F7-4668-BE54-9A1E7A4F7556}") = "Project_Bookings", "Project-Bookings\Project_Bookings.csproj", "{E147459C-547B-4F52-B619-47A34D2ED6D9}"
EndProject
Global
	GlobalSection(SolutionConfigurationPlatforms) = preSolution
		Debug|Any CPU = Debug|Any CPU
		Release|Any CPU = Release|Any CPU
	EndGlobalSection
	GlobalSection(ProjectConfigurationPlatforms) = postSolution
		{E147459C-547B-4F52-B619-47A34D2ED6D9}.Debug|Any CPU.ActiveCfg = Debug|Any CPU
		{E147459C-547B-4F52-B619-47A34D2ED6D9}.Debug|Any CPU.Build.0 = Debug|Any CPU
		{E147459C-547B-4F52-B619-47A34D2ED6D9}.Release|Any CPU.ActiveCfg = Release|Any CPU
		{E147459C-547B-4F52-B619-47A34D2ED6D9}.Release|Any CPU.Build.0 = Release|Any CPU
	EndGlobalSection
	GlobalSection(SolutionProperties) = preSolution
		HideSolutionNode = FALSE
	EndGlobalSection
	GlobalSection(ExtensibilityGlobals) = postSolution
		SolutionGuid = {5061D83D-4C42-4F2B-996E-693E25BFE6A5}
	EndGlobalSection
EndGlobal
